// !$*UTF8*$!
{
	archiveVersion = 1;
	classes = {
	};
	objectVersion = 51;
	objects = {

/* Begin PBXBuildFile section */
		04F9DE7C00BC3B2BCFBF5607 /* Pods_sampleiOSUITests.framework in Frameworks */ = {isa = PBXBuildFile; fileRef = 8A4808C905CBDC9EFB9D87F1 /* Pods_sampleiOSUITests.framework */; };
		27CEB4FF23605B97008A0DA3 /* EnxRTCiOS.framework in Frameworks */ = {isa = PBXBuildFile; fileRef = 27CEB4FD23605B8C008A0DA3 /* EnxRTCiOS.framework */; };
		27CEB50023605B97008A0DA3 /* EnxRTCiOS.framework in Embed Frameworks */ = {isa = PBXBuildFile; fileRef = 27CEB4FD23605B8C008A0DA3 /* EnxRTCiOS.framework */; settings = {ATTRIBUTES = (CodeSignOnCopy, RemoveHeadersOnCopy, ); }; };
		BD0CCFF621AE75E7001711B8 /* VCXAppDelegate.swift in Sources */ = {isa = PBXBuildFile; fileRef = BD0CCFF521AE75E7001711B8 /* VCXAppDelegate.swift */; };
		BD0CCFF821AE75E7001711B8 /* VCXJoinRoomViewController.swift in Sources */ = {isa = PBXBuildFile; fileRef = BD0CCFF721AE75E7001711B8 /* VCXJoinRoomViewController.swift */; };
		BD0CCFFB21AE75E7001711B8 /* Main.storyboard in Resources */ = {isa = PBXBuildFile; fileRef = BD0CCFF921AE75E7001711B8 /* Main.storyboard */; };
		BD0CCFFD21AE75EE001711B8 /* Assets.xcassets in Resources */ = {isa = PBXBuildFile; fileRef = BD0CCFFC21AE75EE001711B8 /* Assets.xcassets */; };
		BD0CD00021AE75EE001711B8 /* LaunchScreen.storyboard in Resources */ = {isa = PBXBuildFile; fileRef = BD0CCFFE21AE75EE001711B8 /* LaunchScreen.storyboard */; };
		BD0CD00B21AE75EE001711B8 /* sampleiOSTests.swift in Sources */ = {isa = PBXBuildFile; fileRef = BD0CD00A21AE75EE001711B8 /* sampleiOSTests.swift */; };
		BD0CD01621AE75EE001711B8 /* sampleiOSUITests.swift in Sources */ = {isa = PBXBuildFile; fileRef = BD0CD01521AE75EE001711B8 /* sampleiOSUITests.swift */; };
		BD0CD02721AE7976001711B8 /* VCXNetworkManager.swift in Sources */ = {isa = PBXBuildFile; fileRef = BD0CD02621AE7976001711B8 /* VCXNetworkManager.swift */; };
		BD0CD02A21AE8FAB001711B8 /* VCXRoomInfoModel.swift in Sources */ = {isa = PBXBuildFile; fileRef = BD0CD02921AE8FAB001711B8 /* VCXRoomInfoModel.swift */; };
		BD0CD02D21AE8FBB001711B8 /* VCXServicesClass.swift in Sources */ = {isa = PBXBuildFile; fileRef = BD0CD02C21AE8FBB001711B8 /* VCXServicesClass.swift */; };
		BD0CD03021AE8FCF001711B8 /* VCXConstant.swift in Sources */ = {isa = PBXBuildFile; fileRef = BD0CD02F21AE8FCF001711B8 /* VCXConstant.swift */; };
		BD0CD03621AECB90001711B8 /* VCXConfrenceViewController.swift in Sources */ = {isa = PBXBuildFile; fileRef = BD0CD03521AECB90001711B8 /* VCXConfrenceViewController.swift */; };
		BD0CD03C21B00128001711B8 /* VCXMenuViewController.swift in Sources */ = {isa = PBXBuildFile; fileRef = BD0CD03B21B00128001711B8 /* VCXMenuViewController.swift */; };
		BD4EEFA0232766800078776C /* imageInput@2x.png in Resources */ = {isa = PBXBuildFile; fileRef = BD4EEF7E232766800078776C /* imageInput@2x.png */; };
		BD4EEFA1232766800078776C /* buttonSend.png in Resources */ = {isa = PBXBuildFile; fileRef = BD4EEF7F232766800078776C /* buttonSend.png */; };
		BD4EEFA2232766800078776C /* messageBubbleBlue@2x.png in Resources */ = {isa = PBXBuildFile; fileRef = BD4EEF80232766800078776C /* messageBubbleBlue@2x.png */; };
		BD4EEFA3232766800078776C /* messageBubbleHighlighted.png in Resources */ = {isa = PBXBuildFile; fileRef = BD4EEF81232766800078776C /* messageBubbleHighlighted.png */; };
		BD4EEFA4232766800078776C /* bubbleSquareIncoming.png in Resources */ = {isa = PBXBuildFile; fileRef = BD4EEF82232766800078776C /* bubbleSquareIncoming.png */; };
		BD4EEFA5232766800078776C /* imageInput.png in Resources */ = {isa = PBXBuildFile; fileRef = BD4EEF83232766800078776C /* imageInput.png */; };
		BD4EEFA6232766800078776C /* imageBarFlat@2x.png in Resources */ = {isa = PBXBuildFile; fileRef = BD4EEF84232766800078776C /* imageBarFlat@2x.png */; };
		BD4EEFA7232766800078776C /* buttonSend@2x.png in Resources */ = {isa = PBXBuildFile; fileRef = BD4EEF85232766800078776C /* buttonSend@2x.png */; };
		BD4EEFA8232766800078776C /* buttonSendFlat@2x.png in Resources */ = {isa = PBXBuildFile; fileRef = BD4EEF86232766800078776C /* buttonSendFlat@2x.png */; };
		BD4EEFA9232766800078776C /* bubbleSquareOutgoing@2x.png in Resources */ = {isa = PBXBuildFile; fileRef = BD4EEF87232766800078776C /* bubbleSquareOutgoing@2x.png */; };
		BD4EEFAA232766800078776C /* messageBubbleHighlighted@2x.png in Resources */ = {isa = PBXBuildFile; fileRef = BD4EEF88232766800078776C /* messageBubbleHighlighted@2x.png */; };
		BD4EEFAB232766800078776C /* imageBar.png in Resources */ = {isa = PBXBuildFile; fileRef = BD4EEF89232766800078776C /* imageBar.png */; };
		BD4EEFAC232766800078776C /* bubbleFlatOutgoing.png in Resources */ = {isa = PBXBuildFile; fileRef = BD4EEF8A232766800078776C /* bubbleFlatOutgoing.png */; };
		BD4EEFAD232766800078776C /* bubbleSquareIncoming@2x.png in Resources */ = {isa = PBXBuildFile; fileRef = BD4EEF8B232766800078776C /* bubbleSquareIncoming@2x.png */; };
		BD4EEFAE232766800078776C /* buttonSendFlat.png in Resources */ = {isa = PBXBuildFile; fileRef = BD4EEF8C232766800078776C /* buttonSendFlat.png */; };
		BD4EEFAF232766800078776C /* imageBarFlat.png in Resources */ = {isa = PBXBuildFile; fileRef = BD4EEF8D232766800078776C /* imageBarFlat.png */; };
		BD4EEFB0232766800078776C /* messageBubbleGray@2x.png in Resources */ = {isa = PBXBuildFile; fileRef = BD4EEF8E232766800078776C /* messageBubbleGray@2x.png */; };
		BD4EEFB1232766800078776C /* messageBubbleGray.png in Resources */ = {isa = PBXBuildFile; fileRef = BD4EEF8F232766800078776C /* messageBubbleGray.png */; };
		BD4EEFB2232766800078776C /* messageBubbleGreen.png in Resources */ = {isa = PBXBuildFile; fileRef = BD4EEF90232766800078776C /* messageBubbleGreen.png */; };
		BD4EEFB3232766800078776C /* buttonSendHighlightedFlat.png in Resources */ = {isa = PBXBuildFile; fileRef = BD4EEF91232766800078776C /* buttonSendHighlightedFlat.png */; };
		BD4EEFB4232766800078776C /* bubbleSquareOutgoing.png in Resources */ = {isa = PBXBuildFile; fileRef = BD4EEF92232766800078776C /* bubbleSquareOutgoing.png */; };
		BD4EEFB5232766800078776C /* messageBubbleTyping@2x.png in Resources */ = {isa = PBXBuildFile; fileRef = BD4EEF93232766800078776C /* messageBubbleTyping@2x.png */; };
		BD4EEFB6232766800078776C /* messageBubbleGreen@2x.png in Resources */ = {isa = PBXBuildFile; fileRef = BD4EEF94232766800078776C /* messageBubbleGreen@2x.png */; };
		BD4EEFB7232766800078776C /* imageBar@2x.png in Resources */ = {isa = PBXBuildFile; fileRef = BD4EEF95232766800078776C /* imageBar@2x.png */; };
		BD4EEFB8232766800078776C /* buttonSendHighlightedFlat@2x.png in Resources */ = {isa = PBXBuildFile; fileRef = BD4EEF96232766800078776C /* buttonSendHighlightedFlat@2x.png */; };
		BD4EEFB9232766800078776C /* imageInputFlat@2x.png in Resources */ = {isa = PBXBuildFile; fileRef = BD4EEF97232766800078776C /* imageInputFlat@2x.png */; };
		BD4EEFBA232766800078776C /* imageInputFlat.png in Resources */ = {isa = PBXBuildFile; fileRef = BD4EEF98232766800078776C /* imageInputFlat.png */; };
		BD4EEFBB232766800078776C /* buttonSendHighlighted@2x.png in Resources */ = {isa = PBXBuildFile; fileRef = BD4EEF99232766800078776C /* buttonSendHighlighted@2x.png */; };
		BD4EEFBC232766800078776C /* bubbleFlatIncoming.png in Resources */ = {isa = PBXBuildFile; fileRef = BD4EEF9A232766800078776C /* bubbleFlatIncoming.png */; };
		BD4EEFBD232766800078776C /* messageBubbleTyping.png in Resources */ = {isa = PBXBuildFile; fileRef = BD4EEF9B232766800078776C /* messageBubbleTyping.png */; };
		BD4EEFBE232766800078776C /* messageBubbleBlue.png in Resources */ = {isa = PBXBuildFile; fileRef = BD4EEF9C232766800078776C /* messageBubbleBlue.png */; };
		BD4EEFBF232766800078776C /* buttonSendHighlighted.png in Resources */ = {isa = PBXBuildFile; fileRef = BD4EEF9D232766800078776C /* buttonSendHighlighted.png */; };
		BD4EEFC0232766800078776C /* bubbleFlatOutgoing@2x.png in Resources */ = {isa = PBXBuildFile; fileRef = BD4EEF9E232766800078776C /* bubbleFlatOutgoing@2x.png */; };
		BD4EEFC1232766800078776C /* bubbleFlatIncoming@2x.png in Resources */ = {isa = PBXBuildFile; fileRef = BD4EEF9F232766800078776C /* bubbleFlatIncoming@2x.png */; };
		BD4EEFC3232769670078776C /* EnxToastView.swift in Sources */ = {isa = PBXBuildFile; fileRef = BD4EEFC2232769670078776C /* EnxToastView.swift */; };
		BD4EEFC923279A770078776C /* EnxUserList.swift in Sources */ = {isa = PBXBuildFile; fileRef = BD4EEFC823279A770078776C /* EnxUserList.swift */; };
		C9CBF11DB03171FC8D89EC76 /* Pods_sampleiOSTests.framework in Frameworks */ = {isa = PBXBuildFile; fileRef = 5D9B8CADAD53F7E5266636F3 /* Pods_sampleiOSTests.framework */; };
		DC7F441FBFD40AA519463AFD /* Pods_sampleiOS.framework in Frameworks */ = {isa = PBXBuildFile; fileRef = 72E6F3E9912D86CF1AA58A45 /* Pods_sampleiOS.framework */; };
/* End PBXBuildFile section */

/* Begin PBXContainerItemProxy section */
		BD0CD00721AE75EE001711B8 /* PBXContainerItemProxy */ = {
			isa = PBXContainerItemProxy;
			containerPortal = BD0CCFEA21AE75E7001711B8 /* Project object */;
			proxyType = 1;
			remoteGlobalIDString = BD0CCFF121AE75E7001711B8;
			remoteInfo = sampleiOS;
		};
		BD0CD01221AE75EE001711B8 /* PBXContainerItemProxy */ = {
			isa = PBXContainerItemProxy;
			containerPortal = BD0CCFEA21AE75E7001711B8 /* Project object */;
			proxyType = 1;
			remoteGlobalIDString = BD0CCFF121AE75E7001711B8;
			remoteInfo = sampleiOS;
		};
/* End PBXContainerItemProxy section */

/* Begin PBXCopyFilesBuildPhase section */
		BD7E59282216C3060043092A /* Embed Frameworks */ = {
			isa = PBXCopyFilesBuildPhase;
			buildActionMask = 2147483647;
			dstPath = "";
			dstSubfolderSpec = 10;
			files = (
				27CEB50023605B97008A0DA3 /* EnxRTCiOS.framework in Embed Frameworks */,
			);
			name = "Embed Frameworks";
			runOnlyForDeploymentPostprocessing = 0;
		};
/* End PBXCopyFilesBuildPhase section */

/* Begin PBXFileReference section */
		11CCA7A83599E8550D430F43 /* Pods-sampleiOS.debug.xcconfig */ = {isa = PBXFileReference; includeInIndex = 1; lastKnownFileType = text.xcconfig; name = "Pods-sampleiOS.debug.xcconfig"; path = "Pods/Target Support Files/Pods-sampleiOS/Pods-sampleiOS.debug.xcconfig"; sourceTree = "<group>"; };
		27CEB4FD23605B8C008A0DA3 /* EnxRTCiOS.framework */ = {isa = PBXFileReference; lastKnownFileType = wrapper.framework; path = EnxRTCiOS.framework; sourceTree = "<group>"; };
		5D9B8CADAD53F7E5266636F3 /* Pods_sampleiOSTests.framework */ = {isa = PBXFileReference; explicitFileType = wrapper.framework; includeInIndex = 0; path = Pods_sampleiOSTests.framework; sourceTree = BUILT_PRODUCTS_DIR; };
		637C0DD64C798AE33003571E /* Pods-sampleiOS.release.xcconfig */ = {isa = PBXFileReference; includeInIndex = 1; lastKnownFileType = text.xcconfig; name = "Pods-sampleiOS.release.xcconfig"; path = "Pods/Target Support Files/Pods-sampleiOS/Pods-sampleiOS.release.xcconfig"; sourceTree = "<group>"; };
		64FCF7EAC6D6F4A277D1CC64 /* Pods-sampleiOSUITests.debug.xcconfig */ = {isa = PBXFileReference; includeInIndex = 1; lastKnownFileType = text.xcconfig; name = "Pods-sampleiOSUITests.debug.xcconfig"; path = "Pods/Target Support Files/Pods-sampleiOSUITests/Pods-sampleiOSUITests.debug.xcconfig"; sourceTree = "<group>"; };
		72E6F3E9912D86CF1AA58A45 /* Pods_sampleiOS.framework */ = {isa = PBXFileReference; explicitFileType = wrapper.framework; includeInIndex = 0; path = Pods_sampleiOS.framework; sourceTree = BUILT_PRODUCTS_DIR; };
		8A4808C905CBDC9EFB9D87F1 /* Pods_sampleiOSUITests.framework */ = {isa = PBXFileReference; explicitFileType = wrapper.framework; includeInIndex = 0; path = Pods_sampleiOSUITests.framework; sourceTree = BUILT_PRODUCTS_DIR; };
		AA9B778A2563806373CB6183 /* Pods-sampleiOSTests.release.xcconfig */ = {isa = PBXFileReference; includeInIndex = 1; lastKnownFileType = text.xcconfig; name = "Pods-sampleiOSTests.release.xcconfig"; path = "Pods/Target Support Files/Pods-sampleiOSTests/Pods-sampleiOSTests.release.xcconfig"; sourceTree = "<group>"; };
		B64C04944F83560E19FA5261 /* Pods-sampleiOSUITests.release.xcconfig */ = {isa = PBXFileReference; includeInIndex = 1; lastKnownFileType = text.xcconfig; name = "Pods-sampleiOSUITests.release.xcconfig"; path = "Pods/Target Support Files/Pods-sampleiOSUITests/Pods-sampleiOSUITests.release.xcconfig"; sourceTree = "<group>"; };
		B831E91D661201BB0AD62E3C /* Pods-sampleiOSTests.debug.xcconfig */ = {isa = PBXFileReference; includeInIndex = 1; lastKnownFileType = text.xcconfig; name = "Pods-sampleiOSTests.debug.xcconfig"; path = "Pods/Target Support Files/Pods-sampleiOSTests/Pods-sampleiOSTests.debug.xcconfig"; sourceTree = "<group>"; };
		BD0CCFF221AE75E7001711B8 /* sampleiOS.app */ = {isa = PBXFileReference; explicitFileType = wrapper.application; includeInIndex = 0; path = sampleiOS.app; sourceTree = BUILT_PRODUCTS_DIR; };
		BD0CCFF521AE75E7001711B8 /* VCXAppDelegate.swift */ = {isa = PBXFileReference; lastKnownFileType = sourcecode.swift; path = VCXAppDelegate.swift; sourceTree = "<group>"; };
		BD0CCFF721AE75E7001711B8 /* VCXJoinRoomViewController.swift */ = {isa = PBXFileReference; lastKnownFileType = sourcecode.swift; path = VCXJoinRoomViewController.swift; sourceTree = "<group>"; };
		BD0CCFFA21AE75E7001711B8 /* Base */ = {isa = PBXFileReference; lastKnownFileType = file.storyboard; name = Base; path = Base.lproj/Main.storyboard; sourceTree = "<group>"; };
		BD0CCFFC21AE75EE001711B8 /* Assets.xcassets */ = {isa = PBXFileReference; lastKnownFileType = folder.assetcatalog; path = Assets.xcassets; sourceTree = "<group>"; };
		BD0CCFFF21AE75EE001711B8 /* Base */ = {isa = PBXFileReference; lastKnownFileType = file.storyboard; name = Base; path = Base.lproj/LaunchScreen.storyboard; sourceTree = "<group>"; };
		BD0CD00121AE75EE001711B8 /* Info.plist */ = {isa = PBXFileReference; lastKnownFileType = text.plist.xml; path = Info.plist; sourceTree = "<group>"; };
		BD0CD00621AE75EE001711B8 /* sampleiOSTests.xctest */ = {isa = PBXFileReference; explicitFileType = wrapper.cfbundle; includeInIndex = 0; path = sampleiOSTests.xctest; sourceTree = BUILT_PRODUCTS_DIR; };
		BD0CD00A21AE75EE001711B8 /* sampleiOSTests.swift */ = {isa = PBXFileReference; lastKnownFileType = sourcecode.swift; path = sampleiOSTests.swift; sourceTree = "<group>"; };
		BD0CD00C21AE75EE001711B8 /* Info.plist */ = {isa = PBXFileReference; lastKnownFileType = text.plist.xml; path = Info.plist; sourceTree = "<group>"; };
		BD0CD01121AE75EE001711B8 /* sampleiOSUITests.xctest */ = {isa = PBXFileReference; explicitFileType = wrapper.cfbundle; includeInIndex = 0; path = sampleiOSUITests.xctest; sourceTree = BUILT_PRODUCTS_DIR; };
		BD0CD01521AE75EE001711B8 /* sampleiOSUITests.swift */ = {isa = PBXFileReference; lastKnownFileType = sourcecode.swift; path = sampleiOSUITests.swift; sourceTree = "<group>"; };
		BD0CD01721AE75EE001711B8 /* Info.plist */ = {isa = PBXFileReference; lastKnownFileType = text.plist.xml; path = Info.plist; sourceTree = "<group>"; };
		BD0CD02621AE7976001711B8 /* VCXNetworkManager.swift */ = {isa = PBXFileReference; fileEncoding = 4; lastKnownFileType = sourcecode.swift; path = VCXNetworkManager.swift; sourceTree = "<group>"; };
		BD0CD02921AE8FAB001711B8 /* VCXRoomInfoModel.swift */ = {isa = PBXFileReference; fileEncoding = 4; lastKnownFileType = sourcecode.swift; path = VCXRoomInfoModel.swift; sourceTree = "<group>"; };
		BD0CD02C21AE8FBB001711B8 /* VCXServicesClass.swift */ = {isa = PBXFileReference; fileEncoding = 4; lastKnownFileType = sourcecode.swift; path = VCXServicesClass.swift; sourceTree = "<group>"; };
		BD0CD02F21AE8FCF001711B8 /* VCXConstant.swift */ = {isa = PBXFileReference; fileEncoding = 4; lastKnownFileType = sourcecode.swift; path = VCXConstant.swift; sourceTree = "<group>"; };
		BD0CD03521AECB90001711B8 /* VCXConfrenceViewController.swift */ = {isa = PBXFileReference; fileEncoding = 4; lastKnownFileType = sourcecode.swift; path = VCXConfrenceViewController.swift; sourceTree = "<group>"; };
		BD0CD03B21B00128001711B8 /* VCXMenuViewController.swift */ = {isa = PBXFileReference; lastKnownFileType = sourcecode.swift; path = VCXMenuViewController.swift; sourceTree = "<group>"; };
		BD4EEF7E232766800078776C /* imageInput@2x.png */ = {isa = PBXFileReference; lastKnownFileType = image.png; path = "imageInput@2x.png"; sourceTree = "<group>"; };
		BD4EEF7F232766800078776C /* buttonSend.png */ = {isa = PBXFileReference; lastKnownFileType = image.png; path = buttonSend.png; sourceTree = "<group>"; };
		BD4EEF80232766800078776C /* messageBubbleBlue@2x.png */ = {isa = PBXFileReference; lastKnownFileType = image.png; path = "messageBubbleBlue@2x.png"; sourceTree = "<group>"; };
		BD4EEF81232766800078776C /* messageBubbleHighlighted.png */ = {isa = PBXFileReference; lastKnownFileType = image.png; path = messageBubbleHighlighted.png; sourceTree = "<group>"; };
		BD4EEF82232766800078776C /* bubbleSquareIncoming.png */ = {isa = PBXFileReference; lastKnownFileType = image.png; path = bubbleSquareIncoming.png; sourceTree = "<group>"; };
		BD4EEF83232766800078776C /* imageInput.png */ = {isa = PBXFileReference; lastKnownFileType = image.png; path = imageInput.png; sourceTree = "<group>"; };
		BD4EEF84232766800078776C /* imageBarFlat@2x.png */ = {isa = PBXFileReference; lastKnownFileType = image.png; path = "imageBarFlat@2x.png"; sourceTree = "<group>"; };
		BD4EEF85232766800078776C /* buttonSend@2x.png */ = {isa = PBXFileReference; lastKnownFileType = image.png; path = "buttonSend@2x.png"; sourceTree = "<group>"; };
		BD4EEF86232766800078776C /* buttonSendFlat@2x.png */ = {isa = PBXFileReference; lastKnownFileType = image.png; path = "buttonSendFlat@2x.png"; sourceTree = "<group>"; };
		BD4EEF87232766800078776C /* bubbleSquareOutgoing@2x.png */ = {isa = PBXFileReference; lastKnownFileType = image.png; path = "bubbleSquareOutgoing@2x.png"; sourceTree = "<group>"; };
		BD4EEF88232766800078776C /* messageBubbleHighlighted@2x.png */ = {isa = PBXFileReference; lastKnownFileType = image.png; path = "messageBubbleHighlighted@2x.png"; sourceTree = "<group>"; };
		BD4EEF89232766800078776C /* imageBar.png */ = {isa = PBXFileReference; lastKnownFileType = image.png; path = imageBar.png; sourceTree = "<group>"; };
		BD4EEF8A232766800078776C /* bubbleFlatOutgoing.png */ = {isa = PBXFileReference; lastKnownFileType = image.png; path = bubbleFlatOutgoing.png; sourceTree = "<group>"; };
		BD4EEF8B232766800078776C /* bubbleSquareIncoming@2x.png */ = {isa = PBXFileReference; lastKnownFileType = image.png; path = "bubbleSquareIncoming@2x.png"; sourceTree = "<group>"; };
		BD4EEF8C232766800078776C /* buttonSendFlat.png */ = {isa = PBXFileReference; lastKnownFileType = image.png; path = buttonSendFlat.png; sourceTree = "<group>"; };
		BD4EEF8D232766800078776C /* imageBarFlat.png */ = {isa = PBXFileReference; lastKnownFileType = image.png; path = imageBarFlat.png; sourceTree = "<group>"; };
		BD4EEF8E232766800078776C /* messageBubbleGray@2x.png */ = {isa = PBXFileReference; lastKnownFileType = image.png; path = "messageBubbleGray@2x.png"; sourceTree = "<group>"; };
		BD4EEF8F232766800078776C /* messageBubbleGray.png */ = {isa = PBXFileReference; lastKnownFileType = image.png; path = messageBubbleGray.png; sourceTree = "<group>"; };
		BD4EEF90232766800078776C /* messageBubbleGreen.png */ = {isa = PBXFileReference; lastKnownFileType = image.png; path = messageBubbleGreen.png; sourceTree = "<group>"; };
		BD4EEF91232766800078776C /* buttonSendHighlightedFlat.png */ = {isa = PBXFileReference; lastKnownFileType = image.png; path = buttonSendHighlightedFlat.png; sourceTree = "<group>"; };
		BD4EEF92232766800078776C /* bubbleSquareOutgoing.png */ = {isa = PBXFileReference; lastKnownFileType = image.png; path = bubbleSquareOutgoing.png; sourceTree = "<group>"; };
		BD4EEF93232766800078776C /* messageBubbleTyping@2x.png */ = {isa = PBXFileReference; lastKnownFileType = image.png; path = "messageBubbleTyping@2x.png"; sourceTree = "<group>"; };
		BD4EEF94232766800078776C /* messageBubbleGreen@2x.png */ = {isa = PBXFileReference; lastKnownFileType = image.png; path = "messageBubbleGreen@2x.png"; sourceTree = "<group>"; };
		BD4EEF95232766800078776C /* imageBar@2x.png */ = {isa = PBXFileReference; lastKnownFileType = image.png; path = "imageBar@2x.png"; sourceTree = "<group>"; };
		BD4EEF96232766800078776C /* buttonSendHighlightedFlat@2x.png */ = {isa = PBXFileReference; lastKnownFileType = image.png; path = "buttonSendHighlightedFlat@2x.png"; sourceTree = "<group>"; };
		BD4EEF97232766800078776C /* imageInputFlat@2x.png */ = {isa = PBXFileReference; lastKnownFileType = image.png; path = "imageInputFlat@2x.png"; sourceTree = "<group>"; };
		BD4EEF98232766800078776C /* imageInputFlat.png */ = {isa = PBXFileReference; lastKnownFileType = image.png; path = imageInputFlat.png; sourceTree = "<group>"; };
		BD4EEF99232766800078776C /* buttonSendHighlighted@2x.png */ = {isa = PBXFileReference; lastKnownFileType = image.png; path = "buttonSendHighlighted@2x.png"; sourceTree = "<group>"; };
		BD4EEF9A232766800078776C /* bubbleFlatIncoming.png */ = {isa = PBXFileReference; lastKnownFileType = image.png; path = bubbleFlatIncoming.png; sourceTree = "<group>"; };
		BD4EEF9B232766800078776C /* messageBubbleTyping.png */ = {isa = PBXFileReference; lastKnownFileType = image.png; path = messageBubbleTyping.png; sourceTree = "<group>"; };
		BD4EEF9C232766800078776C /* messageBubbleBlue.png */ = {isa = PBXFileReference; lastKnownFileType = image.png; path = messageBubbleBlue.png; sourceTree = "<group>"; };
		BD4EEF9D232766800078776C /* buttonSendHighlighted.png */ = {isa = PBXFileReference; lastKnownFileType = image.png; path = buttonSendHighlighted.png; sourceTree = "<group>"; };
		BD4EEF9E232766800078776C /* bubbleFlatOutgoing@2x.png */ = {isa = PBXFileReference; lastKnownFileType = image.png; path = "bubbleFlatOutgoing@2x.png"; sourceTree = "<group>"; };
		BD4EEF9F232766800078776C /* bubbleFlatIncoming@2x.png */ = {isa = PBXFileReference; lastKnownFileType = image.png; path = "bubbleFlatIncoming@2x.png"; sourceTree = "<group>"; };
		BD4EEFC2232769670078776C /* EnxToastView.swift */ = {isa = PBXFileReference; fileEncoding = 4; lastKnownFileType = sourcecode.swift; path = EnxToastView.swift; sourceTree = "<group>"; };
		BD4EEFC823279A770078776C /* EnxUserList.swift */ = {isa = PBXFileReference; lastKnownFileType = sourcecode.swift; path = EnxUserList.swift; sourceTree = "<group>"; };
/* End PBXFileReference section */

/* Begin PBXFrameworksBuildPhase section */
		BD0CCFEF21AE75E7001711B8 /* Frameworks */ = {
			isa = PBXFrameworksBuildPhase;
			buildActionMask = 2147483647;
			files = (
				27CEB4FF23605B97008A0DA3 /* EnxRTCiOS.framework in Frameworks */,
				DC7F441FBFD40AA519463AFD /* Pods_sampleiOS.framework in Frameworks */,
			);
			runOnlyForDeploymentPostprocessing = 0;
		};
		BD0CD00321AE75EE001711B8 /* Frameworks */ = {
			isa = PBXFrameworksBuildPhase;
			buildActionMask = 2147483647;
			files = (
				C9CBF11DB03171FC8D89EC76 /* Pods_sampleiOSTests.framework in Frameworks */,
			);
			runOnlyForDeploymentPostprocessing = 0;
		};
		BD0CD00E21AE75EE001711B8 /* Frameworks */ = {
			isa = PBXFrameworksBuildPhase;
			buildActionMask = 2147483647;
			files = (
				04F9DE7C00BC3B2BCFBF5607 /* Pods_sampleiOSUITests.framework in Frameworks */,
			);
			runOnlyForDeploymentPostprocessing = 0;
		};
/* End PBXFrameworksBuildPhase section */

/* Begin PBXGroup section */
		B0BE134DB280D40571993793 /* Pods */ = {
			isa = PBXGroup;
			children = (
				11CCA7A83599E8550D430F43 /* Pods-sampleiOS.debug.xcconfig */,
				637C0DD64C798AE33003571E /* Pods-sampleiOS.release.xcconfig */,
				B831E91D661201BB0AD62E3C /* Pods-sampleiOSTests.debug.xcconfig */,
				AA9B778A2563806373CB6183 /* Pods-sampleiOSTests.release.xcconfig */,
				64FCF7EAC6D6F4A277D1CC64 /* Pods-sampleiOSUITests.debug.xcconfig */,
				B64C04944F83560E19FA5261 /* Pods-sampleiOSUITests.release.xcconfig */,
			);
			name = Pods;
			sourceTree = "<group>";
		};
		BD0CCFE921AE75E7001711B8 = {
			isa = PBXGroup;
			children = (
				BD0CCFF421AE75E7001711B8 /* sampleiOS */,
				BD0CD00921AE75EE001711B8 /* sampleiOSTests */,
				BD0CD01421AE75EE001711B8 /* sampleiOSUITests */,
				BD0CCFF321AE75E7001711B8 /* Products */,
				B0BE134DB280D40571993793 /* Pods */,
				C5D7692410838A6EF0EA9681 /* Frameworks */,
			);
			sourceTree = "<group>";
		};
		BD0CCFF321AE75E7001711B8 /* Products */ = {
			isa = PBXGroup;
			children = (
				BD0CCFF221AE75E7001711B8 /* sampleiOS.app */,
				BD0CD00621AE75EE001711B8 /* sampleiOSTests.xctest */,
				BD0CD01121AE75EE001711B8 /* sampleiOSUITests.xctest */,
			);
			name = Products;
			sourceTree = "<group>";
		};
		BD0CCFF421AE75E7001711B8 /* sampleiOS */ = {
			isa = PBXGroup;
			children = (
				27CEB4FD23605B8C008A0DA3 /* EnxRTCiOS.framework */,
				BD4EEF7D232766800078776C /* Resources */,
				BD0CD02E21AE8FC7001711B8 /* VCXHeader */,
				BD0CD02B21AE8FB5001711B8 /* ServiceClass */,
				BD0CD02821AE8F99001711B8 /* ModelClass */,
				BD0CD02521AE796A001711B8 /* Rechability */,
				BD0CCFF521AE75E7001711B8 /* VCXAppDelegate.swift */,
				BD0CCFF721AE75E7001711B8 /* VCXJoinRoomViewController.swift */,
				BD0CD03521AECB90001711B8 /* VCXConfrenceViewController.swift */,
				BD0CD03B21B00128001711B8 /* VCXMenuViewController.swift */,
				BD4EEFC2232769670078776C /* EnxToastView.swift */,
				BD0CCFF921AE75E7001711B8 /* Main.storyboard */,
				BD0CCFFC21AE75EE001711B8 /* Assets.xcassets */,
				BD0CCFFE21AE75EE001711B8 /* LaunchScreen.storyboard */,
				BD0CD00121AE75EE001711B8 /* Info.plist */,
			);
			path = sampleiOS;
			sourceTree = "<group>";
		};
		BD0CD00921AE75EE001711B8 /* sampleiOSTests */ = {
			isa = PBXGroup;
			children = (
				BD0CD00A21AE75EE001711B8 /* sampleiOSTests.swift */,
				BD0CD00C21AE75EE001711B8 /* Info.plist */,
			);
			path = sampleiOSTests;
			sourceTree = "<group>";
		};
		BD0CD01421AE75EE001711B8 /* sampleiOSUITests */ = {
			isa = PBXGroup;
			children = (
				BD0CD01521AE75EE001711B8 /* sampleiOSUITests.swift */,
				BD0CD01721AE75EE001711B8 /* Info.plist */,
			);
			path = sampleiOSUITests;
			sourceTree = "<group>";
		};
		BD0CD02521AE796A001711B8 /* Rechability */ = {
			isa = PBXGroup;
			children = (
				BD0CD02621AE7976001711B8 /* VCXNetworkManager.swift */,
			);
			path = Rechability;
			sourceTree = "<group>";
		};
		BD0CD02821AE8F99001711B8 /* ModelClass */ = {
			isa = PBXGroup;
			children = (
				BD0CD02921AE8FAB001711B8 /* VCXRoomInfoModel.swift */,
				BD4EEFC823279A770078776C /* EnxUserList.swift */,
			);
			path = ModelClass;
			sourceTree = "<group>";
		};
		BD0CD02B21AE8FB5001711B8 /* ServiceClass */ = {
			isa = PBXGroup;
			children = (
				BD0CD02C21AE8FBB001711B8 /* VCXServicesClass.swift */,
			);
			path = ServiceClass;
			sourceTree = "<group>";
		};
		BD0CD02E21AE8FC7001711B8 /* VCXHeader */ = {
			isa = PBXGroup;
			children = (
				BD0CD02F21AE8FCF001711B8 /* VCXConstant.swift */,
			);
			path = VCXHeader;
			sourceTree = "<group>";
		};
		BD4EEF7D232766800078776C /* Resources */ = {
			isa = PBXGroup;
			children = (
				BD4EEF7E232766800078776C /* imageInput@2x.png */,
				BD4EEF7F232766800078776C /* buttonSend.png */,
				BD4EEF80232766800078776C /* messageBubbleBlue@2x.png */,
				BD4EEF81232766800078776C /* messageBubbleHighlighted.png */,
				BD4EEF82232766800078776C /* bubbleSquareIncoming.png */,
				BD4EEF83232766800078776C /* imageInput.png */,
				BD4EEF84232766800078776C /* imageBarFlat@2x.png */,
				BD4EEF85232766800078776C /* buttonSend@2x.png */,
				BD4EEF86232766800078776C /* buttonSendFlat@2x.png */,
				BD4EEF87232766800078776C /* bubbleSquareOutgoing@2x.png */,
				BD4EEF88232766800078776C /* messageBubbleHighlighted@2x.png */,
				BD4EEF89232766800078776C /* imageBar.png */,
				BD4EEF8A232766800078776C /* bubbleFlatOutgoing.png */,
				BD4EEF8B232766800078776C /* bubbleSquareIncoming@2x.png */,
				BD4EEF8C232766800078776C /* buttonSendFlat.png */,
				BD4EEF8D232766800078776C /* imageBarFlat.png */,
				BD4EEF8E232766800078776C /* messageBubbleGray@2x.png */,
				BD4EEF8F232766800078776C /* messageBubbleGray.png */,
				BD4EEF90232766800078776C /* messageBubbleGreen.png */,
				BD4EEF91232766800078776C /* buttonSendHighlightedFlat.png */,
				BD4EEF92232766800078776C /* bubbleSquareOutgoing.png */,
				BD4EEF93232766800078776C /* messageBubbleTyping@2x.png */,
				BD4EEF94232766800078776C /* messageBubbleGreen@2x.png */,
				BD4EEF95232766800078776C /* imageBar@2x.png */,
				BD4EEF96232766800078776C /* buttonSendHighlightedFlat@2x.png */,
				BD4EEF97232766800078776C /* imageInputFlat@2x.png */,
				BD4EEF98232766800078776C /* imageInputFlat.png */,
				BD4EEF99232766800078776C /* buttonSendHighlighted@2x.png */,
				BD4EEF9A232766800078776C /* bubbleFlatIncoming.png */,
				BD4EEF9B232766800078776C /* messageBubbleTyping.png */,
				BD4EEF9C232766800078776C /* messageBubbleBlue.png */,
				BD4EEF9D232766800078776C /* buttonSendHighlighted.png */,
				BD4EEF9E232766800078776C /* bubbleFlatOutgoing@2x.png */,
				BD4EEF9F232766800078776C /* bubbleFlatIncoming@2x.png */,
			);
			path = Resources;
			sourceTree = "<group>";
		};
		C5D7692410838A6EF0EA9681 /* Frameworks */ = {
			isa = PBXGroup;
			children = (
				72E6F3E9912D86CF1AA58A45 /* Pods_sampleiOS.framework */,
				5D9B8CADAD53F7E5266636F3 /* Pods_sampleiOSTests.framework */,
				8A4808C905CBDC9EFB9D87F1 /* Pods_sampleiOSUITests.framework */,
			);
			name = Frameworks;
			sourceTree = "<group>";
		};
/* End PBXGroup section */

/* Begin PBXNativeTarget section */
		BD0CCFF121AE75E7001711B8 /* sampleiOS */ = {
			isa = PBXNativeTarget;
			buildConfigurationList = BD0CD01A21AE75EE001711B8 /* Build configuration list for PBXNativeTarget "sampleiOS" */;
			buildPhases = (
				EE4627E813544EDF330FDBFC /* [CP] Check Pods Manifest.lock */,
				BD0CCFEE21AE75E7001711B8 /* Sources */,
				BD0CCFEF21AE75E7001711B8 /* Frameworks */,
				BD0CCFF021AE75E7001711B8 /* Resources */,
				833340487167DFA25B8B1BC1 /* [CP] Embed Pods Frameworks */,
				BDC864A821C267F2005D96AB /* ShellScript */,
				BD7E59282216C3060043092A /* Embed Frameworks */,
			);
			buildRules = (
			);
			dependencies = (
			);
			name = sampleiOS;
			productName = sampleiOS;
			productReference = BD0CCFF221AE75E7001711B8 /* sampleiOS.app */;
			productType = "com.apple.product-type.application";
		};
		BD0CD00521AE75EE001711B8 /* sampleiOSTests */ = {
			isa = PBXNativeTarget;
			buildConfigurationList = BD0CD01D21AE75EE001711B8 /* Build configuration list for PBXNativeTarget "sampleiOSTests" */;
			buildPhases = (
				0B703EB17168E528D3F2F065 /* [CP] Check Pods Manifest.lock */,
				BD0CD00221AE75EE001711B8 /* Sources */,
				BD0CD00321AE75EE001711B8 /* Frameworks */,
				BD0CD00421AE75EE001711B8 /* Resources */,
			);
			buildRules = (
			);
			dependencies = (
				BD0CD00821AE75EE001711B8 /* PBXTargetDependency */,
			);
			name = sampleiOSTests;
			productName = sampleiOSTests;
			productReference = BD0CD00621AE75EE001711B8 /* sampleiOSTests.xctest */;
			productType = "com.apple.product-type.bundle.unit-test";
		};
		BD0CD01021AE75EE001711B8 /* sampleiOSUITests */ = {
			isa = PBXNativeTarget;
			buildConfigurationList = BD0CD02021AE75EE001711B8 /* Build configuration list for PBXNativeTarget "sampleiOSUITests" */;
			buildPhases = (
				C5F35E851F2194170FEAF507 /* [CP] Check Pods Manifest.lock */,
				BD0CD00D21AE75EE001711B8 /* Sources */,
				BD0CD00E21AE75EE001711B8 /* Frameworks */,
				BD0CD00F21AE75EE001711B8 /* Resources */,
			);
			buildRules = (
			);
			dependencies = (
				BD0CD01321AE75EE001711B8 /* PBXTargetDependency */,
			);
			name = sampleiOSUITests;
			productName = sampleiOSUITests;
			productReference = BD0CD01121AE75EE001711B8 /* sampleiOSUITests.xctest */;
			productType = "com.apple.product-type.bundle.ui-testing";
		};
/* End PBXNativeTarget section */

/* Begin PBXProject section */
		BD0CCFEA21AE75E7001711B8 /* Project object */ = {
			isa = PBXProject;
			attributes = {
				LastSwiftUpdateCheck = 1010;
				LastUpgradeCheck = 1010;
				ORGANIZATIONNAME = "Jay Kumar";
				TargetAttributes = {
					BD0CCFF121AE75E7001711B8 = {
						CreatedOnToolsVersion = 10.1;
						SystemCapabilities = {
							com.apple.BackgroundModes = {
								enabled = 1;
							};
						};
					};
					BD0CD00521AE75EE001711B8 = {
						CreatedOnToolsVersion = 10.1;
						TestTargetID = BD0CCFF121AE75E7001711B8;
					};
					BD0CD01021AE75EE001711B8 = {
						CreatedOnToolsVersion = 10.1;
						TestTargetID = BD0CCFF121AE75E7001711B8;
					};
				};
			};
			buildConfigurationList = BD0CCFED21AE75E7001711B8 /* Build configuration list for PBXProject "sampleiOS" */;
			compatibilityVersion = "Xcode 9.3";
			developmentRegion = en;
			hasScannedForEncodings = 0;
			knownRegions = (
				en,
				Base,
			);
			mainGroup = BD0CCFE921AE75E7001711B8;
			productRefGroup = BD0CCFF321AE75E7001711B8 /* Products */;
			projectDirPath = "";
			projectRoot = "";
			targets = (
				BD0CCFF121AE75E7001711B8 /* sampleiOS */,
				BD0CD00521AE75EE001711B8 /* sampleiOSTests */,
				BD0CD01021AE75EE001711B8 /* sampleiOSUITests */,
			);
		};
/* End PBXProject section */

/* Begin PBXResourcesBuildPhase section */
		BD0CCFF021AE75E7001711B8 /* Resources */ = {
			isa = PBXResourcesBuildPhase;
			buildActionMask = 2147483647;
			files = (
				BD4EEFAF232766800078776C /* imageBarFlat.png in Resources */,
				BD4EEFA5232766800078776C /* imageInput.png in Resources */,
				BD4EEFBB232766800078776C /* buttonSendHighlighted@2x.png in Resources */,
				BD4EEFB8232766800078776C /* buttonSendHighlightedFlat@2x.png in Resources */,
				BD4EEFA7232766800078776C /* buttonSend@2x.png in Resources */,
				BD4EEFC0232766800078776C /* bubbleFlatOutgoing@2x.png in Resources */,
				BD4EEFB1232766800078776C /* messageBubbleGray.png in Resources */,
				BD4EEFB9232766800078776C /* imageInputFlat@2x.png in Resources */,
				BD4EEFBF232766800078776C /* buttonSendHighlighted.png in Resources */,
				BD4EEFAE232766800078776C /* buttonSendFlat.png in Resources */,
				BD4EEFBA232766800078776C /* imageInputFlat.png in Resources */,
				BD4EEFA6232766800078776C /* imageBarFlat@2x.png in Resources */,
				BD4EEFBD232766800078776C /* messageBubbleTyping.png in Resources */,
				BD4EEFB0232766800078776C /* messageBubbleGray@2x.png in Resources */,
				BD4EEFA3232766800078776C /* messageBubbleHighlighted.png in Resources */,
				BD4EEFAA232766800078776C /* messageBubbleHighlighted@2x.png in Resources */,
				BD0CD00021AE75EE001711B8 /* LaunchScreen.storyboard in Resources */,
				BD4EEFB3232766800078776C /* buttonSendHighlightedFlat.png in Resources */,
				BD4EEFA1232766800078776C /* buttonSend.png in Resources */,
				BD4EEFBE232766800078776C /* messageBubbleBlue.png in Resources */,
				BD4EEFBC232766800078776C /* bubbleFlatIncoming.png in Resources */,
				BD4EEFB4232766800078776C /* bubbleSquareOutgoing.png in Resources */,
				BD4EEFA0232766800078776C /* imageInput@2x.png in Resources */,
				BD4EEFAC232766800078776C /* bubbleFlatOutgoing.png in Resources */,
				BD4EEFA8232766800078776C /* buttonSendFlat@2x.png in Resources */,
				BD4EEFA4232766800078776C /* bubbleSquareIncoming.png in Resources */,
				BD4EEFA9232766800078776C /* bubbleSquareOutgoing@2x.png in Resources */,
				BD4EEFAD232766800078776C /* bubbleSquareIncoming@2x.png in Resources */,
				BD0CCFFD21AE75EE001711B8 /* Assets.xcassets in Resources */,
				BD4EEFB5232766800078776C /* messageBubbleTyping@2x.png in Resources */,
				BD4EEFAB232766800078776C /* imageBar.png in Resources */,
				BD4EEFC1232766800078776C /* bubbleFlatIncoming@2x.png in Resources */,
				BD4EEFB7232766800078776C /* imageBar@2x.png in Resources */,
				BD4EEFB2232766800078776C /* messageBubbleGreen.png in Resources */,
				BD4EEFA2232766800078776C /* messageBubbleBlue@2x.png in Resources */,
				BD4EEFB6232766800078776C /* messageBubbleGreen@2x.png in Resources */,
				BD0CCFFB21AE75E7001711B8 /* Main.storyboard in Resources */,
			);
			runOnlyForDeploymentPostprocessing = 0;
		};
		BD0CD00421AE75EE001711B8 /* Resources */ = {
			isa = PBXResourcesBuildPhase;
			buildActionMask = 2147483647;
			files = (
			);
			runOnlyForDeploymentPostprocessing = 0;
		};
		BD0CD00F21AE75EE001711B8 /* Resources */ = {
			isa = PBXResourcesBuildPhase;
			buildActionMask = 2147483647;
			files = (
			);
			runOnlyForDeploymentPostprocessing = 0;
		};
/* End PBXResourcesBuildPhase section */

/* Begin PBXShellScriptBuildPhase section */
		0B703EB17168E528D3F2F065 /* [CP] Check Pods Manifest.lock */ = {
			isa = PBXShellScriptBuildPhase;
			buildActionMask = 2147483647;
			files = (
			);
			inputPaths = (
				"${PODS_PODFILE_DIR_PATH}/Podfile.lock",
				"${PODS_ROOT}/Manifest.lock",
			);
			name = "[CP] Check Pods Manifest.lock";
			outputPaths = (
				"$(DERIVED_FILE_DIR)/Pods-sampleiOSTests-checkManifestLockResult.txt",
			);
			runOnlyForDeploymentPostprocessing = 0;
			shellPath = /bin/sh;
			shellScript = "diff \"${PODS_PODFILE_DIR_PATH}/Podfile.lock\" \"${PODS_ROOT}/Manifest.lock\" > /dev/null\nif [ $? != 0 ] ; then\n    # print error to STDERR\n    echo \"error: The sandbox is not in sync with the Podfile.lock. Run 'pod install' or update your CocoaPods installation.\" >&2\n    exit 1\nfi\n# This output is used by Xcode 'outputs' to avoid re-running this script phase.\necho \"SUCCESS\" > \"${SCRIPT_OUTPUT_FILE_0}\"\n";
			showEnvVarsInLog = 0;
		};
		833340487167DFA25B8B1BC1 /* [CP] Embed Pods Frameworks */ = {
			isa = PBXShellScriptBuildPhase;
			buildActionMask = 2147483647;
			files = (
			);
			inputFileListPaths = (
				"${PODS_ROOT}/Target Support Files/Pods-sampleiOS/Pods-sampleiOS-frameworks-${CONFIGURATION}-input-files.xcfilelist",
			);
			name = "[CP] Embed Pods Frameworks";
			outputFileListPaths = (
				"${PODS_ROOT}/Target Support Files/Pods-sampleiOS/Pods-sampleiOS-frameworks-${CONFIGURATION}-output-files.xcfilelist",
			);
			runOnlyForDeploymentPostprocessing = 0;
			shellPath = /bin/sh;
			shellScript = "\"${PODS_ROOT}/Target Support Files/Pods-sampleiOS/Pods-sampleiOS-frameworks.sh\"\n";
			showEnvVarsInLog = 0;
		};
		BDC864A821C267F2005D96AB /* ShellScript */ = {
			isa = PBXShellScriptBuildPhase;
			buildActionMask = 2147483647;
			files = (
			);
			inputFileListPaths = (
			);
			inputPaths = (
			);
			outputFileListPaths = (
			);
			outputPaths = (
			);
			runOnlyForDeploymentPostprocessing = 0;
			shellPath = /bin/sh;
			shellScript = "\"${PODS_ROOT}/Fabric/run\" 6db66bb09589a86b6c8ca0a363283eae3d10fc21 95a89475e2a08b213555f788be00d1c32b3aec5692fd969f501e38aeea88ba0c\n";
		};
		C5F35E851F2194170FEAF507 /* [CP] Check Pods Manifest.lock */ = {
			isa = PBXShellScriptBuildPhase;
			buildActionMask = 2147483647;
			files = (
			);
			inputPaths = (
				"${PODS_PODFILE_DIR_PATH}/Podfile.lock",
				"${PODS_ROOT}/Manifest.lock",
			);
			name = "[CP] Check Pods Manifest.lock";
			outputPaths = (
				"$(DERIVED_FILE_DIR)/Pods-sampleiOSUITests-checkManifestLockResult.txt",
			);
			runOnlyForDeploymentPostprocessing = 0;
			shellPath = /bin/sh;
			shellScript = "diff \"${PODS_PODFILE_DIR_PATH}/Podfile.lock\" \"${PODS_ROOT}/Manifest.lock\" > /dev/null\nif [ $? != 0 ] ; then\n    # print error to STDERR\n    echo \"error: The sandbox is not in sync with the Podfile.lock. Run 'pod install' or update your CocoaPods installation.\" >&2\n    exit 1\nfi\n# This output is used by Xcode 'outputs' to avoid re-running this script phase.\necho \"SUCCESS\" > \"${SCRIPT_OUTPUT_FILE_0}\"\n";
			showEnvVarsInLog = 0;
		};
		EE4627E813544EDF330FDBFC /* [CP] Check Pods Manifest.lock */ = {
			isa = PBXShellScriptBuildPhase;
			buildActionMask = 2147483647;
			files = (
			);
			inputPaths = (
				"${PODS_PODFILE_DIR_PATH}/Podfile.lock",
				"${PODS_ROOT}/Manifest.lock",
			);
			name = "[CP] Check Pods Manifest.lock";
			outputPaths = (
				"$(DERIVED_FILE_DIR)/Pods-sampleiOS-checkManifestLockResult.txt",
			);
			runOnlyForDeploymentPostprocessing = 0;
			shellPath = /bin/sh;
			shellScript = "diff \"${PODS_PODFILE_DIR_PATH}/Podfile.lock\" \"${PODS_ROOT}/Manifest.lock\" > /dev/null\nif [ $? != 0 ] ; then\n    # print error to STDERR\n    echo \"error: The sandbox is not in sync with the Podfile.lock. Run 'pod install' or update your CocoaPods installation.\" >&2\n    exit 1\nfi\n# This output is used by Xcode 'outputs' to avoid re-running this script phase.\necho \"SUCCESS\" > \"${SCRIPT_OUTPUT_FILE_0}\"\n";
			showEnvVarsInLog = 0;
		};
/* End PBXShellScriptBuildPhase section */

/* Begin PBXSourcesBuildPhase section */
		BD0CCFEE21AE75E7001711B8 /* Sources */ = {
			isa = PBXSourcesBuildPhase;
			buildActionMask = 2147483647;
			files = (
				BD4EEFC923279A770078776C /* EnxUserList.swift in Sources */,
				BD0CD02A21AE8FAB001711B8 /* VCXRoomInfoModel.swift in Sources */,
				BD0CD02D21AE8FBB001711B8 /* VCXServicesClass.swift in Sources */,
				BD0CD03621AECB90001711B8 /* VCXConfrenceViewController.swift in Sources */,
				BD0CD03C21B00128001711B8 /* VCXMenuViewController.swift in Sources */,
				BD0CD02721AE7976001711B8 /* VCXNetworkManager.swift in Sources */,
				BD0CCFF821AE75E7001711B8 /* VCXJoinRoomViewController.swift in Sources */,
				BD0CCFF621AE75E7001711B8 /* VCXAppDelegate.swift in Sources */,
				BD4EEFC3232769670078776C /* EnxToastView.swift in Sources */,
				BD0CD03021AE8FCF001711B8 /* VCXConstant.swift in Sources */,
			);
			runOnlyForDeploymentPostprocessing = 0;
		};
		BD0CD00221AE75EE001711B8 /* Sources */ = {
			isa = PBXSourcesBuildPhase;
			buildActionMask = 2147483647;
			files = (
				BD0CD00B21AE75EE001711B8 /* sampleiOSTests.swift in Sources */,
			);
			runOnlyForDeploymentPostprocessing = 0;
		};
		BD0CD00D21AE75EE001711B8 /* Sources */ = {
			isa = PBXSourcesBuildPhase;
			buildActionMask = 2147483647;
			files = (
				BD0CD01621AE75EE001711B8 /* sampleiOSUITests.swift in Sources */,
			);
			runOnlyForDeploymentPostprocessing = 0;
		};
/* End PBXSourcesBuildPhase section */

/* Begin PBXTargetDependency section */
		BD0CD00821AE75EE001711B8 /* PBXTargetDependency */ = {
			isa = PBXTargetDependency;
			target = BD0CCFF121AE75E7001711B8 /* sampleiOS */;
			targetProxy = BD0CD00721AE75EE001711B8 /* PBXContainerItemProxy */;
		};
		BD0CD01321AE75EE001711B8 /* PBXTargetDependency */ = {
			isa = PBXTargetDependency;
			target = BD0CCFF121AE75E7001711B8 /* sampleiOS */;
			targetProxy = BD0CD01221AE75EE001711B8 /* PBXContainerItemProxy */;
		};
/* End PBXTargetDependency section */

/* Begin PBXVariantGroup section */
		BD0CCFF921AE75E7001711B8 /* Main.storyboard */ = {
			isa = PBXVariantGroup;
			children = (
				BD0CCFFA21AE75E7001711B8 /* Base */,
			);
			name = Main.storyboard;
			sourceTree = "<group>";
		};
		BD0CCFFE21AE75EE001711B8 /* LaunchScreen.storyboard */ = {
			isa = PBXVariantGroup;
			children = (
				BD0CCFFF21AE75EE001711B8 /* Base */,
			);
			name = LaunchScreen.storyboard;
			sourceTree = "<group>";
		};
/* End PBXVariantGroup section */

/* Begin XCBuildConfiguration section */
		BD0CD01821AE75EE001711B8 /* Debug */ = {
			isa = XCBuildConfiguration;
			buildSettings = {
				ALWAYS_SEARCH_USER_PATHS = NO;
				CLANG_ANALYZER_NONNULL = YES;
				CLANG_ANALYZER_NUMBER_OBJECT_CONVERSION = YES_AGGRESSIVE;
				CLANG_CXX_LANGUAGE_STANDARD = "gnu++14";
				CLANG_CXX_LIBRARY = "libc++";
				CLANG_ENABLE_MODULES = YES;
				CLANG_ENABLE_OBJC_ARC = YES;
				CLANG_ENABLE_OBJC_WEAK = YES;
				CLANG_WARN_BLOCK_CAPTURE_AUTORELEASING = YES;
				CLANG_WARN_BOOL_CONVERSION = YES;
				CLANG_WARN_COMMA = YES;
				CLANG_WARN_CONSTANT_CONVERSION = YES;
				CLANG_WARN_DEPRECATED_OBJC_IMPLEMENTATIONS = YES;
				CLANG_WARN_DIRECT_OBJC_ISA_USAGE = YES_ERROR;
				CLANG_WARN_DOCUMENTATION_COMMENTS = YES;
				CLANG_WARN_EMPTY_BODY = YES;
				CLANG_WARN_ENUM_CONVERSION = YES;
				CLANG_WARN_INFINITE_RECURSION = YES;
				CLANG_WARN_INT_CONVERSION = YES;
				CLANG_WARN_NON_LITERAL_NULL_CONVERSION = YES;
				CLANG_WARN_OBJC_IMPLICIT_RETAIN_SELF = YES;
				CLANG_WARN_OBJC_LITERAL_CONVERSION = YES;
				CLANG_WARN_OBJC_ROOT_CLASS = YES_ERROR;
				CLANG_WARN_RANGE_LOOP_ANALYSIS = YES;
				CLANG_WARN_STRICT_PROTOTYPES = YES;
				CLANG_WARN_SUSPICIOUS_MOVE = YES;
				CLANG_WARN_UNGUARDED_AVAILABILITY = YES_AGGRESSIVE;
				CLANG_WARN_UNREACHABLE_CODE = YES;
				CLANG_WARN__DUPLICATE_METHOD_MATCH = YES;
				CODE_SIGN_IDENTITY = "iPhone Developer";
				COPY_PHASE_STRIP = NO;
				DEBUG_INFORMATION_FORMAT = dwarf;
				ENABLE_STRICT_OBJC_MSGSEND = YES;
				ENABLE_TESTABILITY = YES;
				GCC_C_LANGUAGE_STANDARD = gnu11;
				GCC_DYNAMIC_NO_PIC = NO;
				GCC_NO_COMMON_BLOCKS = YES;
				GCC_OPTIMIZATION_LEVEL = 0;
				GCC_PREPROCESSOR_DEFINITIONS = (
					"DEBUG=1",
					"$(inherited)",
				);
				GCC_WARN_64_TO_32_BIT_CONVERSION = YES;
				GCC_WARN_ABOUT_RETURN_TYPE = YES_ERROR;
				GCC_WARN_UNDECLARED_SELECTOR = YES;
				GCC_WARN_UNINITIALIZED_AUTOS = YES_AGGRESSIVE;
				GCC_WARN_UNUSED_FUNCTION = YES;
				GCC_WARN_UNUSED_VARIABLE = YES;
				IPHONEOS_DEPLOYMENT_TARGET = 12.1;
				MTL_ENABLE_DEBUG_INFO = INCLUDE_SOURCE;
				MTL_FAST_MATH = YES;
				ONLY_ACTIVE_ARCH = YES;
				SDKROOT = iphoneos;
				SWIFT_ACTIVE_COMPILATION_CONDITIONS = DEBUG;
				SWIFT_OPTIMIZATION_LEVEL = "-Onone";
			};
			name = Debug;
		};
		BD0CD01921AE75EE001711B8 /* Release */ = {
			isa = XCBuildConfiguration;
			buildSettings = {
				ALWAYS_SEARCH_USER_PATHS = NO;
				CLANG_ANALYZER_NONNULL = YES;
				CLANG_ANALYZER_NUMBER_OBJECT_CONVERSION = YES_AGGRESSIVE;
				CLANG_CXX_LANGUAGE_STANDARD = "gnu++14";
				CLANG_CXX_LIBRARY = "libc++";
				CLANG_ENABLE_MODULES = YES;
				CLANG_ENABLE_OBJC_ARC = YES;
				CLANG_ENABLE_OBJC_WEAK = YES;
				CLANG_WARN_BLOCK_CAPTURE_AUTORELEASING = YES;
				CLANG_WARN_BOOL_CONVERSION = YES;
				CLANG_WARN_COMMA = YES;
				CLANG_WARN_CONSTANT_CONVERSION = YES;
				CLANG_WARN_DEPRECATED_OBJC_IMPLEMENTATIONS = YES;
				CLANG_WARN_DIRECT_OBJC_ISA_USAGE = YES_ERROR;
				CLANG_WARN_DOCUMENTATION_COMMENTS = YES;
				CLANG_WARN_EMPTY_BODY = YES;
				CLANG_WARN_ENUM_CONVERSION = YES;
				CLANG_WARN_INFINITE_RECURSION = YES;
				CLANG_WARN_INT_CONVERSION = YES;
				CLANG_WARN_NON_LITERAL_NULL_CONVERSION = YES;
				CLANG_WARN_OBJC_IMPLICIT_RETAIN_SELF = YES;
				CLANG_WARN_OBJC_LITERAL_CONVERSION = YES;
				CLANG_WARN_OBJC_ROOT_CLASS = YES_ERROR;
				CLANG_WARN_RANGE_LOOP_ANALYSIS = YES;
				CLANG_WARN_STRICT_PROTOTYPES = YES;
				CLANG_WARN_SUSPICIOUS_MOVE = YES;
				CLANG_WARN_UNGUARDED_AVAILABILITY = YES_AGGRESSIVE;
				CLANG_WARN_UNREACHABLE_CODE = YES;
				CLANG_WARN__DUPLICATE_METHOD_MATCH = YES;
				CODE_SIGN_IDENTITY = "iPhone Developer";
				COPY_PHASE_STRIP = NO;
				DEBUG_INFORMATION_FORMAT = "dwarf-with-dsym";
				ENABLE_NS_ASSERTIONS = NO;
				ENABLE_STRICT_OBJC_MSGSEND = YES;
				GCC_C_LANGUAGE_STANDARD = gnu11;
				GCC_NO_COMMON_BLOCKS = YES;
				GCC_WARN_64_TO_32_BIT_CONVERSION = YES;
				GCC_WARN_ABOUT_RETURN_TYPE = YES_ERROR;
				GCC_WARN_UNDECLARED_SELECTOR = YES;
				GCC_WARN_UNINITIALIZED_AUTOS = YES_AGGRESSIVE;
				GCC_WARN_UNUSED_FUNCTION = YES;
				GCC_WARN_UNUSED_VARIABLE = YES;
				IPHONEOS_DEPLOYMENT_TARGET = 12.1;
				MTL_ENABLE_DEBUG_INFO = NO;
				MTL_FAST_MATH = YES;
				SDKROOT = iphoneos;
				SWIFT_COMPILATION_MODE = wholemodule;
				SWIFT_OPTIMIZATION_LEVEL = "-O";
				VALIDATE_PRODUCT = YES;
			};
			name = Release;
		};
		BD0CD01B21AE75EE001711B8 /* Debug */ = {
			isa = XCBuildConfiguration;
			baseConfigurationReference = 11CCA7A83599E8550D430F43 /* Pods-sampleiOS.debug.xcconfig */;
			buildSettings = {
				ASSETCATALOG_COMPILER_APPICON_NAME = AppIcon;
				CODE_SIGN_IDENTITY = "iPhone Developer";
				CODE_SIGN_STYLE = Automatic;
				DEVELOPMENT_TEAM = BH56368Y47;
				ENABLE_BITCODE = NO;
				FRAMEWORK_SEARCH_PATHS = (
					"$(inherited)",
					"$(PROJECT_DIR)",
					"$(PROJECT_DIR)/sampleiOS",
				);
				INFOPLIST_FILE = sampleiOS/Info.plist;
				IPHONEOS_DEPLOYMENT_TARGET = 10.0;
				LD_RUNPATH_SEARCH_PATHS = (
					"$(inherited)",
					"@executable_path/Frameworks",
				);
				ONLY_ACTIVE_ARCH = YES;
				PRODUCT_BUNDLE_IDENTIFIER = com.enx.Videocall;
				PRODUCT_NAME = "$(TARGET_NAME)";
				PROVISIONING_PROFILE_SPECIFIER = "";
				SWIFT_VERSION = 5.0;
				TARGETED_DEVICE_FAMILY = 1;
			};
			name = Debug;
		};
		BD0CD01C21AE75EE001711B8 /* Release */ = {
			isa = XCBuildConfiguration;
			baseConfigurationReference = 637C0DD64C798AE33003571E /* Pods-sampleiOS.release.xcconfig */;
			buildSettings = {
				ASSETCATALOG_COMPILER_APPICON_NAME = AppIcon;
				CODE_SIGN_IDENTITY = "iPhone Developer";
				CODE_SIGN_STYLE = Automatic;
				DEVELOPMENT_TEAM = BH56368Y47;
				ENABLE_BITCODE = NO;
				FRAMEWORK_SEARCH_PATHS = (
					"$(inherited)",
					"$(PROJECT_DIR)",
					"$(PROJECT_DIR)/sampleiOS",
				);
				INFOPLIST_FILE = sampleiOS/Info.plist;
				IPHONEOS_DEPLOYMENT_TARGET = 10.0;
				LD_RUNPATH_SEARCH_PATHS = (
					"$(inherited)",
					"@executable_path/Frameworks",
				);
				ONLY_ACTIVE_ARCH = YES;
				PRODUCT_BUNDLE_IDENTIFIER = com.enx.Videocall;
				PRODUCT_NAME = "$(TARGET_NAME)";
				PROVISIONING_PROFILE_SPECIFIER = "";
				SWIFT_VERSION = 5.0;
				TARGETED_DEVICE_FAMILY = 1;
			};
			name = Release;
		};
		BD0CD01E21AE75EE001711B8 /* Debug */ = {
			isa = XCBuildConfiguration;
			baseConfigurationReference = B831E91D661201BB0AD62E3C /* Pods-sampleiOSTests.debug.xcconfig */;
			buildSettings = {
				ALWAYS_EMBED_SWIFT_STANDARD_LIBRARIES = YES;
				BUNDLE_LOADER = "$(TEST_HOST)";
				CODE_SIGN_STYLE = Automatic;
				DEVELOPMENT_TEAM = BH56368Y47;
				INFOPLIST_FILE = sampleiOSTests/Info.plist;
				LD_RUNPATH_SEARCH_PATHS = (
					"$(inherited)",
					"@executable_path/Frameworks",
					"@loader_path/Frameworks",
				);
				PRODUCT_BUNDLE_IDENTIFIER = Com.Developer.sampleiOSTests;
				PRODUCT_NAME = "$(TARGET_NAME)";
				SWIFT_VERSION = 4.2;
				TARGETED_DEVICE_FAMILY = "1,2";
				TEST_HOST = "$(BUILT_PRODUCTS_DIR)/sampleiOS.app/sampleiOS";
			};
			name = Debug;
		};
		BD0CD01F21AE75EE001711B8 /* Release */ = {
			isa = XCBuildConfiguration;
			baseConfigurationReference = AA9B778A2563806373CB6183 /* Pods-sampleiOSTests.release.xcconfig */;
			buildSettings = {
				ALWAYS_EMBED_SWIFT_STANDARD_LIBRARIES = YES;
				BUNDLE_LOADER = "$(TEST_HOST)";
				CODE_SIGN_STYLE = Automatic;
				DEVELOPMENT_TEAM = BH56368Y47;
				INFOPLIST_FILE = sampleiOSTests/Info.plist;
				LD_RUNPATH_SEARCH_PATHS = (
					"$(inherited)",
					"@executable_path/Frameworks",
					"@loader_path/Frameworks",
				);
				PRODUCT_BUNDLE_IDENTIFIER = Com.Developer.sampleiOSTests;
				PRODUCT_NAME = "$(TARGET_NAME)";
				SWIFT_VERSION = 4.2;
				TARGETED_DEVICE_FAMILY = "1,2";
				TEST_HOST = "$(BUILT_PRODUCTS_DIR)/sampleiOS.app/sampleiOS";
			};
			name = Release;
		};
		BD0CD02121AE75EE001711B8 /* Debug */ = {
			isa = XCBuildConfiguration;
			baseConfigurationReference = 64FCF7EAC6D6F4A277D1CC64 /* Pods-sampleiOSUITests.debug.xcconfig */;
			buildSettings = {
				ALWAYS_EMBED_SWIFT_STANDARD_LIBRARIES = YES;
				CODE_SIGN_STYLE = Automatic;
				DEVELOPMENT_TEAM = BH56368Y47;
				INFOPLIST_FILE = sampleiOSUITests/Info.plist;
				LD_RUNPATH_SEARCH_PATHS = (
					"$(inherited)",
					"@executable_path/Frameworks",
					"@loader_path/Frameworks",
				);
				PRODUCT_BUNDLE_IDENTIFIER = Com.Developer.sampleiOSUITests;
				PRODUCT_NAME = "$(TARGET_NAME)";
				SWIFT_VERSION = 4.2;
				TARGETED_DEVICE_FAMILY = "1,2";
				TEST_TARGET_NAME = sampleiOS;
			};
			name = Debug;
		};
		BD0CD02221AE75EE001711B8 /* Release */ = {
			isa = XCBuildConfiguration;
			baseConfigurationReference = B64C04944F83560E19FA5261 /* Pods-sampleiOSUITests.release.xcconfig */;
			buildSettings = {
				ALWAYS_EMBED_SWIFT_STANDARD_LIBRARIES = YES;
				CODE_SIGN_STYLE = Automatic;
				DEVELOPMENT_TEAM = BH56368Y47;
				INFOPLIST_FILE = sampleiOSUITests/Info.plist;
				LD_RUNPATH_SEARCH_PATHS = (
					"$(inherited)",
					"@executable_path/Frameworks",
					"@loader_path/Frameworks",
				);
				PRODUCT_BUNDLE_IDENTIFIER = Com.Developer.sampleiOSUITests;
				PRODUCT_NAME = "$(TARGET_NAME)";
				SWIFT_VERSION = 4.2;
				TARGETED_DEVICE_FAMILY = "1,2";
				TEST_TARGET_NAME = sampleiOS;
			};
			name = Release;
		};
/* End XCBuildConfiguration section */

/* Begin XCConfigurationList section */
		BD0CCFED21AE75E7001711B8 /* Build configuration list for PBXProject "sampleiOS" */ = {
			isa = XCConfigurationList;
			buildConfigurations = (
				BD0CD01821AE75EE001711B8 /* Debug */,
				BD0CD01921AE75EE001711B8 /* Release */,
			);
			defaultConfigurationIsVisible = 0;
			defaultConfigurationName = Release;
		};
		BD0CD01A21AE75EE001711B8 /* Build configuration list for PBXNativeTarget "sampleiOS" */ = {
			isa = XCConfigurationList;
			buildConfigurations = (
				BD0CD01B21AE75EE001711B8 /* Debug */,
				BD0CD01C21AE75EE001711B8 /* Release */,
			);
			defaultConfigurationIsVisible = 0;
			defaultConfigurationName = Release;
		};
		BD0CD01D21AE75EE001711B8 /* Build configuration list for PBXNativeTarget "sampleiOSTests" */ = {
			isa = XCConfigurationList;
			buildConfigurations = (
				BD0CD01E21AE75EE001711B8 /* Debug */,
				BD0CD01F21AE75EE001711B8 /* Release */,
			);
			defaultConfigurationIsVisible = 0;
			defaultConfigurationName = Release;
		};
		BD0CD02021AE75EE001711B8 /* Build configuration list for PBXNativeTarget "sampleiOSUITests" */ = {
			isa = XCConfigurationList;
			buildConfigurations = (
				BD0CD02121AE75EE001711B8 /* Debug */,
				BD0CD02221AE75EE001711B8 /* Release */,
			);
			defaultConfigurationIsVisible = 0;
			defaultConfigurationName = Release;
		};
/* End XCConfigurationList section */
	};
	rootObject = BD0CCFEA21AE75E7001711B8 /* Project object */;
}
